
Microsoft Visual Studio Solution File, Format Version 12.00
# Visual Studio Version 16
VisualStudioVersion = 16.0.30711.63
MinimumVisualStudioVersion = 10.0.40219.1
Project("{FAE04EC0-301F-11D3-BF4B-00C04F79EFBC}") = "OOP Payroll System project", "OOP Payroll System project.csproj", "{A883385C-1F0D-40EB-AEED-A2956DC62797}"
EndProject
Global
	GlobalSection(SolutionConfigurationPlatforms) = preSolution
		Debug|Any CPU = Debug|Any CPU
		Release|Any CPU = Release|Any CPU
	EndGlobalSection
	GlobalSection(ProjectConfigurationPlatforms) = postSolution
		{A883385C-1F0D-40EB-AEED-A2956DC62797}.Debug|Any CPU.ActiveCfg = Debug|Any CPU
		{A883385C-1F0D-40EB-AEED-A2956DC62797}.Debug|Any CPU.Build.0 = Debug|Any CPU
		{A883385C-1F0D-40EB-AEED-A2956DC62797}.Release|Any CPU.ActiveCfg = Release|Any CPU
		{A883385C-1F0D-40EB-AEED-A2956DC62797}.Release|Any CPU.Build.0 = Release|Any CPU
	EndGlobalSection
	GlobalSection(SolutionProperties) = preSolution
		HideSolutionNode = FALSE
	EndGlobalSection
	GlobalSection(ExtensibilityGlobals) = postSolution
		SolutionGuid = {BF04727B-131A-4BAE-95AD-702DF4D1A7C5}
	EndGlobalSection
EndGlobal
